
Microsoft Visual Studio Solution File, Format Version 12.00
# Visual Studio Version 16
VisualStudioVersion = 16.0.29306.81
MinimumVisualStudioVersion = 10.0.40219.1
Project("{FAE04EC0-301F-11D3-BF4B-00C04F79EFBC}") = "newton_ovnprog1", "newton_ovnprog1\newton_ovnprog1.csproj", "{9689F22A-953D-4FF6-ABCC-FD9FE9AF6F96}"
EndProject
Global
	GlobalSection(SolutionConfigurationPlatforms) = preSolution
		Debug|Any CPU = Debug|Any CPU
		Release|Any CPU = Release|Any CPU
	EndGlobalSection
	GlobalSection(ProjectConfigurationPlatforms) = postSolution
		{9689F22A-953D-4FF6-ABCC-FD9FE9AF6F96}.Debug|Any CPU.ActiveCfg = Debug|Any CPU
		{9689F22A-953D-4FF6-ABCC-FD9FE9AF6F96}.Debug|Any CPU.Build.0 = Debug|Any CPU
		{9689F22A-953D-4FF6-ABCC-FD9FE9AF6F96}.Release|Any CPU.ActiveCfg = Release|Any CPU
		{9689F22A-953D-4FF6-ABCC-FD9FE9AF6F96}.Release|Any CPU.Build.0 = Release|Any CPU
	EndGlobalSection
	GlobalSection(SolutionProperties) = preSolution
		HideSolutionNode = FALSE
	EndGlobalSection
	GlobalSection(ExtensibilityGlobals) = postSolution
		SolutionGuid = {BF3A9BE8-915F-414F-A1AD-13126BF92E16}
	EndGlobalSection
EndGlobal
